
Microsoft Visual Studio Solution File, Format Version 12.00
# Visual Studio Version 17
VisualStudioVersion = 17.8.34601.278
MinimumVisualStudioVersion = 10.0.40219.1
Project("{2150E333-8FDC-42A3-9474-1A3956D46DE8}") = "src", "src", "{B835466B-A85E-44D6-97CC-75231C261945}"
EndProject
Project("{9A19103F-16F7-4668-BE54-9A1E7A4F7556}") = "OnlineChat.Domain", "OnlineChat.Domain\OnlineChat.Domain.csproj", "{CBE7F9CC-0A4B-42A9-A6D6-8A75AEE1730E}"
EndProject
Project("{9A19103F-16F7-4668-BE54-9A1E7A4F7556}") = "OnlineChat.Application", "OnlineChat.Application\OnlineChat.Application.csproj", "{C0BE19B1-9000-4D91-A1EE-2DBF3C1596EC}"
EndProject
Project("{2150E333-8FDC-42A3-9474-1A3956D46DE8}") = "core", "core", "{B7D062D4-CD85-4864-969C-41082824C45D}"
EndProject
Project("{2150E333-8FDC-42A3-9474-1A3956D46DE8}") = "ui", "ui", "{4432BB7E-3B84-4F91-80C1-AD291D4E252A}"
EndProject
Project("{9A19103F-16F7-4668-BE54-9A1E7A4F7556}") = "OnlineChat.UI", "OnlineChat.UI\OnlineChat.UI.csproj", "{EACD2492-0391-49B9-9C25-02771DA74ED0}"
EndProject
Project("{2150E333-8FDC-42A3-9474-1A3956D46DE8}") = "external", "external", "{189569CE-1771-4ECF-A107-EB7CF70E760F}"
EndProject
Project("{2150E333-8FDC-42A3-9474-1A3956D46DE8}") = "back", "back", "{EC5032A1-24F7-416E-B288-29576F278DE1}"
EndProject
Project("{9A19103F-16F7-4668-BE54-9A1E7A4F7556}") = "OnlineChat.Infrastructure", "OnlineChat.Infrastructure\OnlineChat.Infrastructure.csproj", "{E7C8C9A9-BD7C-4813-9C3C-96C0671889F6}"
EndProject
Project("{9A19103F-16F7-4668-BE54-9A1E7A4F7556}") = "OnlineChat.WebApi", "OnlineChat.WebApi\OnlineChat.WebApi.csproj", "{4334022A-299B-474B-9C54-BE88F0C71F70}"
EndProject
Global
	GlobalSection(SolutionConfigurationPlatforms) = preSolution
		Debug|Any CPU = Debug|Any CPU
		Release|Any CPU = Release|Any CPU
	EndGlobalSection
	GlobalSection(ProjectConfigurationPlatforms) = postSolution
		{CBE7F9CC-0A4B-42A9-A6D6-8A75AEE1730E}.Debug|Any CPU.ActiveCfg = Debug|Any CPU
		{CBE7F9CC-0A4B-42A9-A6D6-8A75AEE1730E}.Debug|Any CPU.Build.0 = Debug|Any CPU
		{CBE7F9CC-0A4B-42A9-A6D6-8A75AEE1730E}.Release|Any CPU.ActiveCfg = Release|Any CPU
		{CBE7F9CC-0A4B-42A9-A6D6-8A75AEE1730E}.Release|Any CPU.Build.0 = Release|Any CPU
		{C0BE19B1-9000-4D91-A1EE-2DBF3C1596EC}.Debug|Any CPU.ActiveCfg = Debug|Any CPU
		{C0BE19B1-9000-4D91-A1EE-2DBF3C1596EC}.Debug|Any CPU.Build.0 = Debug|Any CPU
		{C0BE19B1-9000-4D91-A1EE-2DBF3C1596EC}.Release|Any CPU.ActiveCfg = Release|Any CPU
		{C0BE19B1-9000-4D91-A1EE-2DBF3C1596EC}.Release|Any CPU.Build.0 = Release|Any CPU
		{EACD2492-0391-49B9-9C25-02771DA74ED0}.Debug|Any CPU.ActiveCfg = Debug|Any CPU
		{EACD2492-0391-49B9-9C25-02771DA74ED0}.Debug|Any CPU.Build.0 = Debug|Any CPU
		{EACD2492-0391-49B9-9C25-02771DA74ED0}.Release|Any CPU.ActiveCfg = Release|Any CPU
		{EACD2492-0391-49B9-9C25-02771DA74ED0}.Release|Any CPU.Build.0 = Release|Any CPU
		{E7C8C9A9-BD7C-4813-9C3C-96C0671889F6}.Debug|Any CPU.ActiveCfg = Debug|Any CPU
		{E7C8C9A9-BD7C-4813-9C3C-96C0671889F6}.Debug|Any CPU.Build.0 = Debug|Any CPU
		{E7C8C9A9-BD7C-4813-9C3C-96C0671889F6}.Release|Any CPU.ActiveCfg = Release|Any CPU
		{E7C8C9A9-BD7C-4813-9C3C-96C0671889F6}.Release|Any CPU.Build.0 = Release|Any CPU
		{4334022A-299B-474B-9C54-BE88F0C71F70}.Debug|Any CPU.ActiveCfg = Debug|Any CPU
		{4334022A-299B-474B-9C54-BE88F0C71F70}.Debug|Any CPU.Build.0 = Debug|Any CPU
		{4334022A-299B-474B-9C54-BE88F0C71F70}.Release|Any CPU.ActiveCfg = Release|Any CPU
		{4334022A-299B-474B-9C54-BE88F0C71F70}.Release|Any CPU.Build.0 = Release|Any CPU
	EndGlobalSection
	GlobalSection(SolutionProperties) = preSolution
		HideSolutionNode = FALSE
	EndGlobalSection
	GlobalSection(NestedProjects) = preSolution
		{CBE7F9CC-0A4B-42A9-A6D6-8A75AEE1730E} = {B7D062D4-CD85-4864-969C-41082824C45D}
		{C0BE19B1-9000-4D91-A1EE-2DBF3C1596EC} = {B7D062D4-CD85-4864-969C-41082824C45D}
		{B7D062D4-CD85-4864-969C-41082824C45D} = {EC5032A1-24F7-416E-B288-29576F278DE1}
		{4432BB7E-3B84-4F91-80C1-AD291D4E252A} = {B835466B-A85E-44D6-97CC-75231C261945}
		{EACD2492-0391-49B9-9C25-02771DA74ED0} = {4432BB7E-3B84-4F91-80C1-AD291D4E252A}
		{189569CE-1771-4ECF-A107-EB7CF70E760F} = {EC5032A1-24F7-416E-B288-29576F278DE1}
		{EC5032A1-24F7-416E-B288-29576F278DE1} = {B835466B-A85E-44D6-97CC-75231C261945}
		{E7C8C9A9-BD7C-4813-9C3C-96C0671889F6} = {189569CE-1771-4ECF-A107-EB7CF70E760F}
		{4334022A-299B-474B-9C54-BE88F0C71F70} = {EC5032A1-24F7-416E-B288-29576F278DE1}
	EndGlobalSection
	GlobalSection(ExtensibilityGlobals) = postSolution
		SolutionGuid = {D3D236DF-B704-4839-A917-28A7D47AD5CE}
	EndGlobalSection
EndGlobal
